{
  "nodes": {
    "nixpkgs": {
      "locked": {
        "lastModified": 1738101130,
        "narHash": "sha256-yE8drWtIfq1pv4N+f87AzYgX0KiVJwCU85K4gdXvcr4=",
        "owner": "NixOS",
        "repo": "nixpkgs",
        "rev": "76ce79f458ebdf51b9b7e0931a79c98b22c0c283",
        "type": "github"
      },
      "original": {
        "owner": "NixOS",
        "repo": "nixpkgs",
        "type": "github"
      }
    },
    "root": {
      "inputs": {
        "nixpkgs": "nixpkgs"
      }
    }
  },
  "root": "root",
  "version": 7
}
